
Microsoft Visual Studio Solution File, Format Version 12.00
# Visual Studio Version 17
VisualStudioVersion = 17.9.34714.143
MinimumVisualStudioVersion = 10.0.40219.1
Project("{8BC9CEB8-8B4A-11D0-8D11-00A0C91BC942}") = "X_0", "X_0.vcxproj", "{950851E3-60CA-4A08-B5D7-B0E68A121958}"
EndProject
Global
	GlobalSection(SolutionConfigurationPlatforms) = preSolution
		Debug|x64 = Debug|x64
		Debug|x86 = Debug|x86
		Release|x64 = Release|x64
		Release|x86 = Release|x86
	EndGlobalSection
	GlobalSection(ProjectConfigurationPlatforms) = postSolution
		{950851E3-60CA-4A08-B5D7-B0E68A121958}.Debug|x64.ActiveCfg = Debug|x64
		{950851E3-60CA-4A08-B5D7-B0E68A121958}.Debug|x64.Build.0 = Debug|x64
		{950851E3-60CA-4A08-B5D7-B0E68A121958}.Debug|x86.ActiveCfg = Debug|Win32
		{950851E3-60CA-4A08-B5D7-B0E68A121958}.Debug|x86.Build.0 = Debug|Win32
		{950851E3-60CA-4A08-B5D7-B0E68A121958}.Release|x64.ActiveCfg = Release|x64
		{950851E3-60CA-4A08-B5D7-B0E68A121958}.Release|x64.Build.0 = Release|x64
		{950851E3-60CA-4A08-B5D7-B0E68A121958}.Release|x86.ActiveCfg = Release|Win32
		{950851E3-60CA-4A08-B5D7-B0E68A121958}.Release|x86.Build.0 = Release|Win32
	EndGlobalSection
	GlobalSection(SolutionProperties) = preSolution
		HideSolutionNode = FALSE
	EndGlobalSection
	GlobalSection(ExtensibilityGlobals) = postSolution
		SolutionGuid = {8A78A5B0-5B5C-40F8-BD57-523A311AAB7E}
	EndGlobalSection
EndGlobal
